
Microsoft Visual Studio Solution File, Format Version 12.00
# Visual Studio 15
VisualStudioVersion = 15.0.28307.705
MinimumVisualStudioVersion = 10.0.40219.1
Project("{9A19103F-16F7-4668-BE54-9A1E7A4F7556}") = "TriangleProj", "TriangleProj\TriangleProj.csproj", "{A7B8DA27-B1FF-4F01-8DC1-A1BD081FD253}"
EndProject
Project("{FAE04EC0-301F-11D3-BF4B-00C04F79EFBC}") = "Triangle.Tests", "Triangle.Tests\Triangle.Tests.csproj", "{49C9FE66-618B-42E4-AD51-A28B455106E7}"
EndProject
Global
	GlobalSection(SolutionConfigurationPlatforms) = preSolution
		Debug|Any CPU = Debug|Any CPU
		Release|Any CPU = Release|Any CPU
	EndGlobalSection
	GlobalSection(ProjectConfigurationPlatforms) = postSolution
		{A7B8DA27-B1FF-4F01-8DC1-A1BD081FD253}.Debug|Any CPU.ActiveCfg = Debug|Any CPU
		{A7B8DA27-B1FF-4F01-8DC1-A1BD081FD253}.Debug|Any CPU.Build.0 = Debug|Any CPU
		{A7B8DA27-B1FF-4F01-8DC1-A1BD081FD253}.Release|Any CPU.ActiveCfg = Release|Any CPU
		{A7B8DA27-B1FF-4F01-8DC1-A1BD081FD253}.Release|Any CPU.Build.0 = Release|Any CPU
		{49C9FE66-618B-42E4-AD51-A28B455106E7}.Debug|Any CPU.ActiveCfg = Debug|Any CPU
		{49C9FE66-618B-42E4-AD51-A28B455106E7}.Debug|Any CPU.Build.0 = Debug|Any CPU
		{49C9FE66-618B-42E4-AD51-A28B455106E7}.Release|Any CPU.ActiveCfg = Release|Any CPU
		{49C9FE66-618B-42E4-AD51-A28B455106E7}.Release|Any CPU.Build.0 = Release|Any CPU
	EndGlobalSection
	GlobalSection(SolutionProperties) = preSolution
		HideSolutionNode = FALSE
	EndGlobalSection
	GlobalSection(ExtensibilityGlobals) = postSolution
		SolutionGuid = {248084A5-67C6-476E-A7C7-C59CB2628EE2}
	EndGlobalSection
EndGlobal
